// !$*UTF8*$!
{
	archiveVersion = 1;
	classes = {
	};
	objectVersion = 48;
	objects = {

/* Begin PBXBuildFile section */
		830AEAC0202F6792004A7FD6 /* AppDelegate.swift in Sources */ = {isa = PBXBuildFile; fileRef = 830AEABF202F6792004A7FD6 /* AppDelegate.swift */; };
		830AEAC2202F6792004A7FD6 /* ViewController.swift in Sources */ = {isa = PBXBuildFile; fileRef = 830AEAC1202F6792004A7FD6 /* ViewController.swift */; };
		830AEAC5202F6792004A7FD6 /* Main.storyboard in Resources */ = {isa = PBXBuildFile; fileRef = 830AEAC3202F6792004A7FD6 /* Main.storyboard */; };
		830AEAC7202F6792004A7FD6 /* Assets.xcassets in Resources */ = {isa = PBXBuildFile; fileRef = 830AEAC6202F6792004A7FD6 /* Assets.xcassets */; };
		830AEACA202F6792004A7FD6 /* LaunchScreen.storyboard in Resources */ = {isa = PBXBuildFile; fileRef = 830AEAC8202F6792004A7FD6 /* LaunchScreen.storyboard */; };
		830AEAD2202F68A6004A7FD6 /* ImageViewCell.swift in Sources */ = {isa = PBXBuildFile; fileRef = 830AEAD1202F68A6004A7FD6 /* ImageViewCell.swift */; };
		83B9024C20371D4400326182 /* WaterfallCollectionViewLayout.swift in Sources */ = {isa = PBXBuildFile; fileRef = 83B9024B20371D4400326182 /* WaterfallCollectionViewLayout.swift */; };
		83E34CB9203206A800FDC5B4 /* SlantyCollectionViewLayout.swift in Sources */ = {isa = PBXBuildFile; fileRef = 83E34CB8203206A800FDC5B4 /* SlantyCollectionViewLayout.swift */; };
		83E34CBB203206AB00FDC5B4 /* SlantyCollectionViewLayoutAttributes.swift in Sources */ = {isa = PBXBuildFile; fileRef = 83E34CBA203206AB00FDC5B4 /* SlantyCollectionViewLayoutAttributes.swift */; };
/* End PBXBuildFile section */

/* Begin PBXFileReference section */
		830AEABC202F6792004A7FD6 /* Random Dog.app */ = {isa = PBXFileReference; explicitFileType = wrapper.application; includeInIndex = 0; path = "Random Dog.app"; sourceTree = BUILT_PRODUCTS_DIR; };
		830AEABF202F6792004A7FD6 /* AppDelegate.swift */ = {isa = PBXFileReference; lastKnownFileType = sourcecode.swift; path = AppDelegate.swift; sourceTree = "<group>"; };
		830AEAC1202F6792004A7FD6 /* ViewController.swift */ = {isa = PBXFileReference; lastKnownFileType = sourcecode.swift; path = ViewController.swift; sourceTree = "<group>"; };
		830AEAC4202F6792004A7FD6 /* Base */ = {isa = PBXFileReference; lastKnownFileType = file.storyboard; name = Base; path = Base.lproj/Main.storyboard; sourceTree = "<group>"; };
		830AEAC6202F6792004A7FD6 /* Assets.xcassets */ = {isa = PBXFileReference; lastKnownFileType = folder.assetcatalog; path = Assets.xcassets; sourceTree = "<group>"; };
		830AEAC9202F6792004A7FD6 /* Base */ = {isa = PBXFileReference; lastKnownFileType = file.storyboard; name = Base; path = Base.lproj/LaunchScreen.storyboard; sourceTree = "<group>"; };
		830AEACB202F6792004A7FD6 /* Info.plist */ = {isa = PBXFileReference; lastKnownFileType = text.plist.xml; path = Info.plist; sourceTree = "<group>"; };
		830AEAD1202F68A6004A7FD6 /* ImageViewCell.swift */ = {isa = PBXFileReference; lastKnownFileType = sourcecode.swift; path = ImageViewCell.swift; sourceTree = "<group>"; };
		83B9024B20371D4400326182 /* WaterfallCollectionViewLayout.swift */ = {isa = PBXFileReference; lastKnownFileType = sourcecode.swift; path = WaterfallCollectionViewLayout.swift; sourceTree = "<group>"; };
		83E34CB8203206A800FDC5B4 /* SlantyCollectionViewLayout.swift */ = {isa = PBXFileReference; fileEncoding = 4; lastKnownFileType = sourcecode.swift; path = SlantyCollectionViewLayout.swift; sourceTree = "<group>"; };
		83E34CBA203206AB00FDC5B4 /* SlantyCollectionViewLayoutAttributes.swift */ = {isa = PBXFileReference; fileEncoding = 4; lastKnownFileType = sourcecode.swift; path = SlantyCollectionViewLayoutAttributes.swift; sourceTree = "<group>"; };
/* End PBXFileReference section */

/* Begin PBXFrameworksBuildPhase section */
		830AEAB9202F6792004A7FD6 /* Frameworks */ = {
			isa = PBXFrameworksBuildPhase;
			buildActionMask = 2147483647;
			files = (
			);
			runOnlyForDeploymentPostprocessing = 0;
		};
/* End PBXFrameworksBuildPhase section */

/* Begin PBXGroup section */
		830AEAB3202F6792004A7FD6 = {
			isa = PBXGroup;
			children = (
				830AEABE202F6792004A7FD6 /* Random Dog */,
				830AEABD202F6792004A7FD6 /* Products */,
			);
			sourceTree = "<group>";
		};
		830AEABD202F6792004A7FD6 /* Products */ = {
			isa = PBXGroup;
			children = (
				830AEABC202F6792004A7FD6 /* Random Dog.app */,
			);
			name = Products;
			sourceTree = "<group>";
		};
		830AEABE202F6792004A7FD6 /* Random Dog */ = {
			isa = PBXGroup;
			children = (
				83B9024920371D2800326182 /* Slanty */,
				83B9024A20371D2E00326182 /* Waterfall */,
				830AEABF202F6792004A7FD6 /* AppDelegate.swift */,
				830AEAD1202F68A6004A7FD6 /* ImageViewCell.swift */,
				830AEAC1202F6792004A7FD6 /* ViewController.swift */,
				830AEAC3202F6792004A7FD6 /* Main.storyboard */,
				830AEAC6202F6792004A7FD6 /* Assets.xcassets */,
				830AEAC8202F6792004A7FD6 /* LaunchScreen.storyboard */,
				830AEACB202F6792004A7FD6 /* Info.plist */,
			);
			path = "Random Dog";
			sourceTree = "<group>";
		};
		83B9024920371D2800326182 /* Slanty */ = {
			isa = PBXGroup;
			children = (
				83E34CB8203206A800FDC5B4 /* SlantyCollectionViewLayout.swift */,
				83E34CBA203206AB00FDC5B4 /* SlantyCollectionViewLayoutAttributes.swift */,
			);
			name = Slanty;
			sourceTree = "<group>";
		};
		83B9024A20371D2E00326182 /* Waterfall */ = {
			isa = PBXGroup;
			children = (
				83B9024B20371D4400326182 /* WaterfallCollectionViewLayout.swift */,
			);
			name = Waterfall;
			sourceTree = "<group>";
		};
/* End PBXGroup section */

/* Begin PBXNativeTarget section */
		830AEABB202F6792004A7FD6 /* Random Dog */ = {
			isa = PBXNativeTarget;
			buildConfigurationList = 830AEACE202F6792004A7FD6 /* Build configuration list for PBXNativeTarget "Random Dog" */;
			buildPhases = (
				830AEAB8202F6792004A7FD6 /* Sources */,
				830AEAB9202F6792004A7FD6 /* Frameworks */,
				830AEABA202F6792004A7FD6 /* Resources */,
			);
			buildRules = (
			);
			dependencies = (
			);
			name = "Random Dog";
			productName = "Random Dog";
			productReference = 830AEABC202F6792004A7FD6 /* Random Dog.app */;
			productType = "com.apple.product-type.application";
		};
/* End PBXNativeTarget section */

/* Begin PBXProject section */
		830AEAB4202F6792004A7FD6 /* Project object */ = {
			isa = PBXProject;
			attributes = {
				LastSwiftUpdateCheck = 0920;
				LastUpgradeCheck = 0920;
				ORGANIZATIONNAME = "Alexsander Akers";
				TargetAttributes = {
					830AEABB202F6792004A7FD6 = {
						CreatedOnToolsVersion = 9.2;
						ProvisioningStyle = Automatic;
					};
				};
			};
			buildConfigurationList = 830AEAB7202F6792004A7FD6 /* Build configuration list for PBXProject "Random Dog" */;
			compatibilityVersion = "Xcode 8.0";
			developmentRegion = en;
			hasScannedForEncodings = 0;
			knownRegions = (
				en,
				Base,
			);
			mainGroup = 830AEAB3202F6792004A7FD6;
			productRefGroup = 830AEABD202F6792004A7FD6 /* Products */;
			projectDirPath = "";
			projectRoot = "";
			targets = (
				830AEABB202F6792004A7FD6 /* Random Dog */,
			);
		};
/* End PBXProject section */

/* Begin PBXResourcesBuildPhase section */
		830AEABA202F6792004A7FD6 /* Resources */ = {
			isa = PBXResourcesBuildPhase;
			buildActionMask = 2147483647;
			files = (
				830AEACA202F6792004A7FD6 /* LaunchScreen.storyboard in Resources */,
				830AEAC7202F6792004A7FD6 /* Assets.xcassets in Resources */,
				830AEAC5202F6792004A7FD6 /* Main.storyboard in Resources */,
			);
			runOnlyForDeploymentPostprocessing = 0;
		};
/* End PBXResourcesBuildPhase section */

/* Begin PBXSourcesBuildPhase section */
		830AEAB8202F6792004A7FD6 /* Sources */ = {
			isa = PBXSourcesBuildPhase;
			buildActionMask = 2147483647;
			files = (
				83E34CBB203206AB00FDC5B4 /* SlantyCollectionViewLayoutAttributes.swift in Sources */,
				830AEAC2202F6792004A7FD6 /* ViewController.swift in Sources */,
				830AEAD2202F68A6004A7FD6 /* ImageViewCell.swift in Sources */,
				83E34CB9203206A800FDC5B4 /* SlantyCollectionViewLayout.swift in Sources */,
				830AEAC0202F6792004A7FD6 /* AppDelegate.swift in Sources */,
				83B9024C20371D4400326182 /* WaterfallCollectionViewLayout.swift in Sources */,
			);
			runOnlyForDeploymentPostprocessing = 0;
		};
/* End PBXSourcesBuildPhase section */

/* Begin PBXVariantGroup section */
		830AEAC3202F6792004A7FD6 /* Main.storyboard */ = {
			isa = PBXVariantGroup;
			children = (
				830AEAC4202F6792004A7FD6 /* Base */,
			);
			name = Main.storyboard;
			sourceTree = "<group>";
		};
		830AEAC8202F6792004A7FD6 /* LaunchScreen.storyboard */ = {
			isa = PBXVariantGroup;
			children = (
				830AEAC9202F6792004A7FD6 /* Base */,
			);
			name = LaunchScreen.storyboard;
			sourceTree = "<group>";
		};
/* End PBXVariantGroup section */

/* Begin XCBuildConfiguration section */
		830AEACC202F6792004A7FD6 /* Debug */ = {
			isa = XCBuildConfiguration;
			buildSettings = {
				ALWAYS_SEARCH_USER_PATHS = NO;
				CLANG_ANALYZER_NONNULL = YES;
				CLANG_ANALYZER_NUMBER_OBJECT_CONVERSION = YES_AGGRESSIVE;
				CLANG_CXX_LANGUAGE_STANDARD = "gnu++14";
				CLANG_CXX_LIBRARY = "libc++";
				CLANG_ENABLE_MODULES = YES;
				CLANG_ENABLE_OBJC_ARC = YES;
				CLANG_WARN_BLOCK_CAPTURE_AUTORELEASING = YES;
				CLANG_WARN_BOOL_CONVERSION = YES;
				CLANG_WARN_COMMA = YES;
				CLANG_WARN_CONSTANT_CONVERSION = YES;
				CLANG_WARN_DIRECT_OBJC_ISA_USAGE = YES_ERROR;
				CLANG_WARN_DOCUMENTATION_COMMENTS = YES;
				CLANG_WARN_EMPTY_BODY = YES;
				CLANG_WARN_ENUM_CONVERSION = YES;
				CLANG_WARN_INFINITE_RECURSION = YES;
				CLANG_WARN_INT_CONVERSION = YES;
				CLANG_WARN_NON_LITERAL_NULL_CONVERSION = YES;
				CLANG_WARN_OBJC_LITERAL_CONVERSION = YES;
				CLANG_WARN_OBJC_ROOT_CLASS = YES_ERROR;
				CLANG_WARN_RANGE_LOOP_ANALYSIS = YES;
				CLANG_WARN_STRICT_PROTOTYPES = YES;
				CLANG_WARN_SUSPICIOUS_MOVE = YES;
				CLANG_WARN_UNGUARDED_AVAILABILITY = YES_AGGRESSIVE;
				CLANG_WARN_UNREACHABLE_CODE = YES;
				CLANG_WARN__DUPLICATE_METHOD_MATCH = YES;
				CODE_SIGN_IDENTITY = "iPhone Developer";
				COPY_PHASE_STRIP = NO;
				DEBUG_INFORMATION_FORMAT = dwarf;
				ENABLE_STRICT_OBJC_MSGSEND = YES;
				ENABLE_TESTABILITY = YES;
				GCC_C_LANGUAGE_STANDARD = gnu11;
				GCC_DYNAMIC_NO_PIC = NO;
				GCC_NO_COMMON_BLOCKS = YES;
				GCC_OPTIMIZATION_LEVEL = 0;
				GCC_PREPROCESSOR_DEFINITIONS = (
					"DEBUG=1",
					"$(inherited)",
				);
				GCC_WARN_64_TO_32_BIT_CONVERSION = YES;
				GCC_WARN_ABOUT_RETURN_TYPE = YES_ERROR;
				GCC_WARN_UNDECLARED_SELECTOR = YES;
				GCC_WARN_UNINITIALIZED_AUTOS = YES_AGGRESSIVE;
				GCC_WARN_UNUSED_FUNCTION = YES;
				GCC_WARN_UNUSED_VARIABLE = YES;
				IPHONEOS_DEPLOYMENT_TARGET = 11.2;
				MTL_ENABLE_DEBUG_INFO = YES;
				ONLY_ACTIVE_ARCH = YES;
				SDKROOT = iphoneos;
				SWIFT_ACTIVE_COMPILATION_CONDITIONS = DEBUG;
				SWIFT_OPTIMIZATION_LEVEL = "-Onone";
			};
			name = Debug;
		};
		830AEACD202F6792004A7FD6 /* Release */ = {
			isa = XCBuildConfiguration;
			buildSettings = {
				ALWAYS_SEARCH_USER_PATHS = NO;
				CLANG_ANALYZER_NONNULL = YES;
				CLANG_ANALYZER_NUMBER_OBJECT_CONVERSION = YES_AGGRESSIVE;
				CLANG_CXX_LANGUAGE_STANDARD = "gnu++14";
				CLANG_CXX_LIBRARY = "libc++";
				CLANG_ENABLE_MODULES = YES;
				CLANG_ENABLE_OBJC_ARC = YES;
				CLANG_WARN_BLOCK_CAPTURE_AUTORELEASING = YES;
				CLANG_WARN_BOOL_CONVERSION = YES;
				CLANG_WARN_COMMA = YES;
				CLANG_WARN_CONSTANT_CONVERSION = YES;
				CLANG_WARN_DIRECT_OBJC_ISA_USAGE = YES_ERROR;
				CLANG_WARN_DOCUMENTATION_COMMENTS = YES;
				CLANG_WARN_EMPTY_BODY = YES;
				CLANG_WARN_ENUM_CONVERSION = YES;
				CLANG_WARN_INFINITE_RECURSION = YES;
				CLANG_WARN_INT_CONVERSION = YES;
				CLANG_WARN_NON_LITERAL_NULL_CONVERSION = YES;
				CLANG_WARN_OBJC_LITERAL_CONVERSION = YES;
				CLANG_WARN_OBJC_ROOT_CLASS = YES_ERROR;
				CLANG_WARN_RANGE_LOOP_ANALYSIS = YES;
				CLANG_WARN_STRICT_PROTOTYPES = YES;
				CLANG_WARN_SUSPICIOUS_MOVE = YES;
				CLANG_WARN_UNGUARDED_AVAILABILITY = YES_AGGRESSIVE;
				CLANG_WARN_UNREACHABLE_CODE = YES;
				CLANG_WARN__DUPLICATE_METHOD_MATCH = YES;
				CODE_SIGN_IDENTITY = "iPhone Developer";
				COPY_PHASE_STRIP = NO;
				DEBUG_INFORMATION_FORMAT = "dwarf-with-dsym";
				ENABLE_NS_ASSERTIONS = NO;
				ENABLE_STRICT_OBJC_MSGSEND = YES;
				GCC_C_LANGUAGE_STANDARD = gnu11;
				GCC_NO_COMMON_BLOCKS = YES;
				GCC_WARN_64_TO_32_BIT_CONVERSION = YES;
				GCC_WARN_ABOUT_RETURN_TYPE = YES_ERROR;
				GCC_WARN_UNDECLARED_SELECTOR = YES;
				GCC_WARN_UNINITIALIZED_AUTOS = YES_AGGRESSIVE;
				GCC_WARN_UNUSED_FUNCTION = YES;
				GCC_WARN_UNUSED_VARIABLE = YES;
				IPHONEOS_DEPLOYMENT_TARGET = 11.2;
				MTL_ENABLE_DEBUG_INFO = NO;
				SDKROOT = iphoneos;
				SWIFT_OPTIMIZATION_LEVEL = "-Owholemodule";
				VALIDATE_PRODUCT = YES;
			};
			name = Release;
		};
		830AEACF202F6792004A7FD6 /* Debug */ = {
			isa = XCBuildConfiguration;
			buildSettings = {
				ASSETCATALOG_COMPILER_APPICON_NAME = AppIcon;
				CODE_SIGN_STYLE = Automatic;
				INFOPLIST_FILE = "Random Dog/Info.plist";
				LD_RUNPATH_SEARCH_PATHS = "$(inherited) @executable_path/Frameworks";
				PRODUCT_BUNDLE_IDENTIFIER = "io.a2.Random-Dog";
				PRODUCT_NAME = "$(TARGET_NAME)";
				SWIFT_VERSION = 4.0;
				TARGETED_DEVICE_FAMILY = "1,2";
			};
			name = Debug;
		};
		830AEAD0202F6792004A7FD6 /* Release */ = {
			isa = XCBuildConfiguration;
			buildSettings = {
				ASSETCATALOG_COMPILER_APPICON_NAME = AppIcon;
				CODE_SIGN_STYLE = Automatic;
				INFOPLIST_FILE = "Random Dog/Info.plist";
				LD_RUNPATH_SEARCH_PATHS = "$(inherited) @executable_path/Frameworks";
				PRODUCT_BUNDLE_IDENTIFIER = "io.a2.Random-Dog";
				PRODUCT_NAME = "$(TARGET_NAME)";
				SWIFT_VERSION = 4.0;
				TARGETED_DEVICE_FAMILY = "1,2";
			};
			name = Release;
		};
/* End XCBuildConfiguration section */

/* Begin XCConfigurationList section */
		830AEAB7202F6792004A7FD6 /* Build configuration list for PBXProject "Random Dog" */ = {
			isa = XCConfigurationList;
			buildConfigurations = (
				830AEACC202F6792004A7FD6 /* Debug */,
				830AEACD202F6792004A7FD6 /* Release */,
			);
			defaultConfigurationIsVisible = 0;
			defaultConfigurationName = Release;
		};
		830AEACE202F6792004A7FD6 /* Build configuration list for PBXNativeTarget "Random Dog" */ = {
			isa = XCConfigurationList;
			buildConfigurations = (
				830AEACF202F6792004A7FD6 /* Debug */,
				830AEAD0202F6792004A7FD6 /* Release */,
			);
			defaultConfigurationIsVisible = 0;
			defaultConfigurationName = Release;
		};
/* End XCConfigurationList section */
	};
	rootObject = 830AEAB4202F6792004A7FD6 /* Project object */;
}
